{
  "name": "contextforge-unity",
  "version": "1.0.0",
  "lockfileVersion": 3,
  "requires": true,
  "packages": {
    "": {
      "name": "contextforge-unity",
      "version": "1.0.0",
      "license": "MIT",
      "bin": {
        "contextforge-unity": "bin/contextforge-unity.mjs"
      },
      "engines": {
        "node": ">=20"
      }
    }
  }
}
